
Microsoft Visual Studio Solution File, Format Version 11.00
# Visual Studio 2010
Project("{FAE04EC0-301F-11D3-BF4B-00C04F79EFBC}") = "NavMeshComponents", "NavMeshComponents.csproj", "{CAD0ED14-F08C-2466-47C3-D978705FFF9E}"
EndProject
Project("{FAE04EC0-301F-11D3-BF4B-00C04F79EFBC}") = "Assembly-CSharp", "Assembly-CSharp.csproj", "{EBC88560-DBD7-CDFF-4AE2-BEF0C87AB8A8}"
EndProject
Project("{FAE04EC0-301F-11D3-BF4B-00C04F79EFBC}") = "NavMeshComponentsEditor", "NavMeshComponentsEditor.csproj", "{CFB34147-89E9-D46D-DE3D-F30A1E49FDA1}"
EndProject
Project("{FAE04EC0-301F-11D3-BF4B-00C04F79EFBC}") = "Assembly-CSharp-Editor", "Assembly-CSharp-Editor.csproj", "{606E4548-D4A3-9821-EFE5-4D778C5C4091}"
EndProject
Global
	GlobalSection(SolutionConfigurationPlatforms) = preSolution
		Debug|Any CPU = Debug|Any CPU
		Release|Any CPU = Release|Any CPU
	EndGlobalSection
	GlobalSection(ProjectConfigurationPlatforms) = postSolution
		{CAD0ED14-F08C-2466-47C3-D978705FFF9E}.Debug|Any CPU.ActiveCfg = Debug|Any CPU
		{CAD0ED14-F08C-2466-47C3-D978705FFF9E}.Debug|Any CPU.Build.0 = Debug|Any CPU
		{CAD0ED14-F08C-2466-47C3-D978705FFF9E}.Release|Any CPU.ActiveCfg = Release|Any CPU
		{CAD0ED14-F08C-2466-47C3-D978705FFF9E}.Release|Any CPU.Build.0 = Release|Any CPU
		{EBC88560-DBD7-CDFF-4AE2-BEF0C87AB8A8}.Debug|Any CPU.ActiveCfg = Debug|Any CPU
		{EBC88560-DBD7-CDFF-4AE2-BEF0C87AB8A8}.Debug|Any CPU.Build.0 = Debug|Any CPU
		{EBC88560-DBD7-CDFF-4AE2-BEF0C87AB8A8}.Release|Any CPU.ActiveCfg = Release|Any CPU
		{EBC88560-DBD7-CDFF-4AE2-BEF0C87AB8A8}.Release|Any CPU.Build.0 = Release|Any CPU
		{CFB34147-89E9-D46D-DE3D-F30A1E49FDA1}.Debug|Any CPU.ActiveCfg = Debug|Any CPU
		{CFB34147-89E9-D46D-DE3D-F30A1E49FDA1}.Debug|Any CPU.Build.0 = Debug|Any CPU
		{CFB34147-89E9-D46D-DE3D-F30A1E49FDA1}.Release|Any CPU.ActiveCfg = Release|Any CPU
		{CFB34147-89E9-D46D-DE3D-F30A1E49FDA1}.Release|Any CPU.Build.0 = Release|Any CPU
		{606E4548-D4A3-9821-EFE5-4D778C5C4091}.Debug|Any CPU.ActiveCfg = Debug|Any CPU
		{606E4548-D4A3-9821-EFE5-4D778C5C4091}.Debug|Any CPU.Build.0 = Debug|Any CPU
		{606E4548-D4A3-9821-EFE5-4D778C5C4091}.Release|Any CPU.ActiveCfg = Release|Any CPU
		{606E4548-D4A3-9821-EFE5-4D778C5C4091}.Release|Any CPU.Build.0 = Release|Any CPU
	EndGlobalSection
	GlobalSection(SolutionProperties) = preSolution
		HideSolutionNode = FALSE
	EndGlobalSection
EndGlobal
